// !$*UTF8*$!
{
	archiveVersion = 1;
	classes = {
	};
	objectVersion = 50;
	objects = {

/* Begin PBXBuildFile section */
		8635546C233969F4009D592B /* AppDelegate.swift in Sources */ = {isa = PBXBuildFile; fileRef = 8635546B233969F4009D592B /* AppDelegate.swift */; };
		8635546E233969F4009D592B /* ViewController.swift in Sources */ = {isa = PBXBuildFile; fileRef = 8635546D233969F4009D592B /* ViewController.swift */; };
		86355471233969F4009D592B /* Main.storyboard in Resources */ = {isa = PBXBuildFile; fileRef = 8635546F233969F4009D592B /* Main.storyboard */; };
		86355473233969F5009D592B /* Assets.xcassets in Resources */ = {isa = PBXBuildFile; fileRef = 86355472233969F5009D592B /* Assets.xcassets */; };
		86355476233969F6009D592B /* LaunchScreen.storyboard in Resources */ = {isa = PBXBuildFile; fileRef = 86355474233969F6009D592B /* LaunchScreen.storyboard */; };
		86355481233969F6009D592B /* NavegacionTests.swift in Sources */ = {isa = PBXBuildFile; fileRef = 86355480233969F6009D592B /* NavegacionTests.swift */; };
		8635548C233969F6009D592B /* NavegacionUITests.swift in Sources */ = {isa = PBXBuildFile; fileRef = 8635548B233969F6009D592B /* NavegacionUITests.swift */; };
/* End PBXBuildFile section */

/* Begin PBXContainerItemProxy section */
		8635547D233969F6009D592B /* PBXContainerItemProxy */ = {
			isa = PBXContainerItemProxy;
			containerPortal = 86355460233969F4009D592B /* Project object */;
			proxyType = 1;
			remoteGlobalIDString = 86355467233969F4009D592B;
			remoteInfo = Navegacion;
		};
		86355488233969F6009D592B /* PBXContainerItemProxy */ = {
			isa = PBXContainerItemProxy;
			containerPortal = 86355460233969F4009D592B /* Project object */;
			proxyType = 1;
			remoteGlobalIDString = 86355467233969F4009D592B;
			remoteInfo = Navegacion;
		};
/* End PBXContainerItemProxy section */

/* Begin PBXFileReference section */
		86355468233969F4009D592B /* Navegacion.app */ = {isa = PBXFileReference; explicitFileType = wrapper.application; includeInIndex = 0; path = Navegacion.app; sourceTree = BUILT_PRODUCTS_DIR; };
		8635546B233969F4009D592B /* AppDelegate.swift */ = {isa = PBXFileReference; lastKnownFileType = sourcecode.swift; path = AppDelegate.swift; sourceTree = "<group>"; };
		8635546D233969F4009D592B /* ViewController.swift */ = {isa = PBXFileReference; lastKnownFileType = sourcecode.swift; path = ViewController.swift; sourceTree = "<group>"; };
		86355470233969F4009D592B /* Base */ = {isa = PBXFileReference; lastKnownFileType = file.storyboard; name = Base; path = Base.lproj/Main.storyboard; sourceTree = "<group>"; };
		86355472233969F5009D592B /* Assets.xcassets */ = {isa = PBXFileReference; lastKnownFileType = folder.assetcatalog; path = Assets.xcassets; sourceTree = "<group>"; };
		86355475233969F6009D592B /* Base */ = {isa = PBXFileReference; lastKnownFileType = file.storyboard; name = Base; path = Base.lproj/LaunchScreen.storyboard; sourceTree = "<group>"; };
		86355477233969F6009D592B /* Info.plist */ = {isa = PBXFileReference; lastKnownFileType = text.plist.xml; path = Info.plist; sourceTree = "<group>"; };
		8635547C233969F6009D592B /* NavegacionTests.xctest */ = {isa = PBXFileReference; explicitFileType = wrapper.cfbundle; includeInIndex = 0; path = NavegacionTests.xctest; sourceTree = BUILT_PRODUCTS_DIR; };
		86355480233969F6009D592B /* NavegacionTests.swift */ = {isa = PBXFileReference; lastKnownFileType = sourcecode.swift; path = NavegacionTests.swift; sourceTree = "<group>"; };
		86355482233969F6009D592B /* Info.plist */ = {isa = PBXFileReference; lastKnownFileType = text.plist.xml; path = Info.plist; sourceTree = "<group>"; };
		86355487233969F6009D592B /* NavegacionUITests.xctest */ = {isa = PBXFileReference; explicitFileType = wrapper.cfbundle; includeInIndex = 0; path = NavegacionUITests.xctest; sourceTree = BUILT_PRODUCTS_DIR; };
		8635548B233969F6009D592B /* NavegacionUITests.swift */ = {isa = PBXFileReference; lastKnownFileType = sourcecode.swift; path = NavegacionUITests.swift; sourceTree = "<group>"; };
		8635548D233969F6009D592B /* Info.plist */ = {isa = PBXFileReference; lastKnownFileType = text.plist.xml; path = Info.plist; sourceTree = "<group>"; };
/* End PBXFileReference section */

/* Begin PBXFrameworksBuildPhase section */
		86355465233969F4009D592B /* Frameworks */ = {
			isa = PBXFrameworksBuildPhase;
			buildActionMask = 2147483647;
			files = (
			);
			runOnlyForDeploymentPostprocessing = 0;
		};
		86355479233969F6009D592B /* Frameworks */ = {
			isa = PBXFrameworksBuildPhase;
			buildActionMask = 2147483647;
			files = (
			);
			runOnlyForDeploymentPostprocessing = 0;
		};
		86355484233969F6009D592B /* Frameworks */ = {
			isa = PBXFrameworksBuildPhase;
			buildActionMask = 2147483647;
			files = (
			);
			runOnlyForDeploymentPostprocessing = 0;
		};
/* End PBXFrameworksBuildPhase section */

/* Begin PBXGroup section */
		8635545F233969F4009D592B = {
			isa = PBXGroup;
			children = (
				8635546A233969F4009D592B /* Navegacion */,
				8635547F233969F6009D592B /* NavegacionTests */,
				8635548A233969F6009D592B /* NavegacionUITests */,
				86355469233969F4009D592B /* Products */,
			);
			sourceTree = "<group>";
		};
		86355469233969F4009D592B /* Products */ = {
			isa = PBXGroup;
			children = (
				86355468233969F4009D592B /* Navegacion.app */,
				8635547C233969F6009D592B /* NavegacionTests.xctest */,
				86355487233969F6009D592B /* NavegacionUITests.xctest */,
			);
			name = Products;
			sourceTree = "<group>";
		};
		8635546A233969F4009D592B /* Navegacion */ = {
			isa = PBXGroup;
			children = (
				8635546B233969F4009D592B /* AppDelegate.swift */,
				8635546D233969F4009D592B /* ViewController.swift */,
				8635546F233969F4009D592B /* Main.storyboard */,
				86355472233969F5009D592B /* Assets.xcassets */,
				86355474233969F6009D592B /* LaunchScreen.storyboard */,
				86355477233969F6009D592B /* Info.plist */,
			);
			path = Navegacion;
			sourceTree = "<group>";
		};
		8635547F233969F6009D592B /* NavegacionTests */ = {
			isa = PBXGroup;
			children = (
				86355480233969F6009D592B /* NavegacionTests.swift */,
				86355482233969F6009D592B /* Info.plist */,
			);
			path = NavegacionTests;
			sourceTree = "<group>";
		};
		8635548A233969F6009D592B /* NavegacionUITests */ = {
			isa = PBXGroup;
			children = (
				8635548B233969F6009D592B /* NavegacionUITests.swift */,
				8635548D233969F6009D592B /* Info.plist */,
			);
			path = NavegacionUITests;
			sourceTree = "<group>";
		};
/* End PBXGroup section */

/* Begin PBXNativeTarget section */
		86355467233969F4009D592B /* Navegacion */ = {
			isa = PBXNativeTarget;
			buildConfigurationList = 86355490233969F6009D592B /* Build configuration list for PBXNativeTarget "Navegacion" */;
			buildPhases = (
				86355464233969F4009D592B /* Sources */,
				86355465233969F4009D592B /* Frameworks */,
				86355466233969F4009D592B /* Resources */,
			);
			buildRules = (
			);
			dependencies = (
			);
			name = Navegacion;
			productName = Navegacion;
			productReference = 86355468233969F4009D592B /* Navegacion.app */;
			productType = "com.apple.product-type.application";
		};
		8635547B233969F6009D592B /* NavegacionTests */ = {
			isa = PBXNativeTarget;
			buildConfigurationList = 86355493233969F6009D592B /* Build configuration list for PBXNativeTarget "NavegacionTests" */;
			buildPhases = (
				86355478233969F6009D592B /* Sources */,
				86355479233969F6009D592B /* Frameworks */,
				8635547A233969F6009D592B /* Resources */,
			);
			buildRules = (
			);
			dependencies = (
				8635547E233969F6009D592B /* PBXTargetDependency */,
			);
			name = NavegacionTests;
			productName = NavegacionTests;
			productReference = 8635547C233969F6009D592B /* NavegacionTests.xctest */;
			productType = "com.apple.product-type.bundle.unit-test";
		};
		86355486233969F6009D592B /* NavegacionUITests */ = {
			isa = PBXNativeTarget;
			buildConfigurationList = 86355496233969F6009D592B /* Build configuration list for PBXNativeTarget "NavegacionUITests" */;
			buildPhases = (
				86355483233969F6009D592B /* Sources */,
				86355484233969F6009D592B /* Frameworks */,
				86355485233969F6009D592B /* Resources */,
			);
			buildRules = (
			);
			dependencies = (
				86355489233969F6009D592B /* PBXTargetDependency */,
			);
			name = NavegacionUITests;
			productName = NavegacionUITests;
			productReference = 86355487233969F6009D592B /* NavegacionUITests.xctest */;
			productType = "com.apple.product-type.bundle.ui-testing";
		};
/* End PBXNativeTarget section */

/* Begin PBXProject section */
		86355460233969F4009D592B /* Project object */ = {
			isa = PBXProject;
			attributes = {
				LastSwiftUpdateCheck = 1030;
				LastUpgradeCheck = 1030;
				ORGANIZATIONNAME = MaestroD1;
				TargetAttributes = {
					86355467233969F4009D592B = {
						CreatedOnToolsVersion = 10.3;
					};
					8635547B233969F6009D592B = {
						CreatedOnToolsVersion = 10.3;
						TestTargetID = 86355467233969F4009D592B;
					};
					86355486233969F6009D592B = {
						CreatedOnToolsVersion = 10.3;
						TestTargetID = 86355467233969F4009D592B;
					};
				};
			};
			buildConfigurationList = 86355463233969F4009D592B /* Build configuration list for PBXProject "Navegacion" */;
			compatibilityVersion = "Xcode 9.3";
			developmentRegion = en;
			hasScannedForEncodings = 0;
			knownRegions = (
				en,
				Base,
			);
			mainGroup = 8635545F233969F4009D592B;
			productRefGroup = 86355469233969F4009D592B /* Products */;
			projectDirPath = "";
			projectRoot = "";
			targets = (
				86355467233969F4009D592B /* Navegacion */,
				8635547B233969F6009D592B /* NavegacionTests */,
				86355486233969F6009D592B /* NavegacionUITests */,
			);
		};
/* End PBXProject section */

/* Begin PBXResourcesBuildPhase section */
		86355466233969F4009D592B /* Resources */ = {
			isa = PBXResourcesBuildPhase;
			buildActionMask = 2147483647;
			files = (
				86355476233969F6009D592B /* LaunchScreen.storyboard in Resources */,
				86355473233969F5009D592B /* Assets.xcassets in Resources */,
				86355471233969F4009D592B /* Main.storyboard in Resources */,
			);
			runOnlyForDeploymentPostprocessing = 0;
		};
		8635547A233969F6009D592B /* Resources */ = {
			isa = PBXResourcesBuildPhase;
			buildActionMask = 2147483647;
			files = (
			);
			runOnlyForDeploymentPostprocessing = 0;
		};
		86355485233969F6009D592B /* Resources */ = {
			isa = PBXResourcesBuildPhase;
			buildActionMask = 2147483647;
			files = (
			);
			runOnlyForDeploymentPostprocessing = 0;
		};
/* End PBXResourcesBuildPhase section */

/* Begin PBXSourcesBuildPhase section */
		86355464233969F4009D592B /* Sources */ = {
			isa = PBXSourcesBuildPhase;
			buildActionMask = 2147483647;
			files = (
				8635546E233969F4009D592B /* ViewController.swift in Sources */,
				8635546C233969F4009D592B /* AppDelegate.swift in Sources */,
			);
			runOnlyForDeploymentPostprocessing = 0;
		};
		86355478233969F6009D592B /* Sources */ = {
			isa = PBXSourcesBuildPhase;
			buildActionMask = 2147483647;
			files = (
				86355481233969F6009D592B /* NavegacionTests.swift in Sources */,
			);
			runOnlyForDeploymentPostprocessing = 0;
		};
		86355483233969F6009D592B /* Sources */ = {
			isa = PBXSourcesBuildPhase;
			buildActionMask = 2147483647;
			files = (
				8635548C233969F6009D592B /* NavegacionUITests.swift in Sources */,
			);
			runOnlyForDeploymentPostprocessing = 0;
		};
/* End PBXSourcesBuildPhase section */

/* Begin PBXTargetDependency section */
		8635547E233969F6009D592B /* PBXTargetDependency */ = {
			isa = PBXTargetDependency;
			target = 86355467233969F4009D592B /* Navegacion */;
			targetProxy = 8635547D233969F6009D592B /* PBXContainerItemProxy */;
		};
		86355489233969F6009D592B /* PBXTargetDependency */ = {
			isa = PBXTargetDependency;
			target = 86355467233969F4009D592B /* Navegacion */;
			targetProxy = 86355488233969F6009D592B /* PBXContainerItemProxy */;
		};
/* End PBXTargetDependency section */

/* Begin PBXVariantGroup section */
		8635546F233969F4009D592B /* Main.storyboard */ = {
			isa = PBXVariantGroup;
			children = (
				86355470233969F4009D592B /* Base */,
			);
			name = Main.storyboard;
			sourceTree = "<group>";
		};
		86355474233969F6009D592B /* LaunchScreen.storyboard */ = {
			isa = PBXVariantGroup;
			children = (
				86355475233969F6009D592B /* Base */,
			);
			name = LaunchScreen.storyboard;
			sourceTree = "<group>";
		};
/* End PBXVariantGroup section */

/* Begin XCBuildConfiguration section */
		8635548E233969F6009D592B /* Debug */ = {
			isa = XCBuildConfiguration;
			buildSettings = {
				ALWAYS_SEARCH_USER_PATHS = NO;
				CLANG_ANALYZER_NONNULL = YES;
				CLANG_ANALYZER_NUMBER_OBJECT_CONVERSION = YES_AGGRESSIVE;
				CLANG_CXX_LANGUAGE_STANDARD = "gnu++14";
				CLANG_CXX_LIBRARY = "libc++";
				CLANG_ENABLE_MODULES = YES;
				CLANG_ENABLE_OBJC_ARC = YES;
				CLANG_ENABLE_OBJC_WEAK = YES;
				CLANG_WARN_BLOCK_CAPTURE_AUTORELEASING = YES;
				CLANG_WARN_BOOL_CONVERSION = YES;
				CLANG_WARN_COMMA = YES;
				CLANG_WARN_CONSTANT_CONVERSION = YES;
				CLANG_WARN_DEPRECATED_OBJC_IMPLEMENTATIONS = YES;
				CLANG_WARN_DIRECT_OBJC_ISA_USAGE = YES_ERROR;
				CLANG_WARN_DOCUMENTATION_COMMENTS = YES;
				CLANG_WARN_EMPTY_BODY = YES;
				CLANG_WARN_ENUM_CONVERSION = YES;
				CLANG_WARN_INFINITE_RECURSION = YES;
				CLANG_WARN_INT_CONVERSION = YES;
				CLANG_WARN_NON_LITERAL_NULL_CONVERSION = YES;
				CLANG_WARN_OBJC_IMPLICIT_RETAIN_SELF = YES;
				CLANG_WARN_OBJC_LITERAL_CONVERSION = YES;
				CLANG_WARN_OBJC_ROOT_CLASS = YES_ERROR;
				CLANG_WARN_RANGE_LOOP_ANALYSIS = YES;
				CLANG_WARN_STRICT_PROTOTYPES = YES;
				CLANG_WARN_SUSPICIOUS_MOVE = YES;
				CLANG_WARN_UNGUARDED_AVAILABILITY = YES_AGGRESSIVE;
				CLANG_WARN_UNREACHABLE_CODE = YES;
				CLANG_WARN__DUPLICATE_METHOD_MATCH = YES;
				CODE_SIGN_IDENTITY = "iPhone Developer";
				COPY_PHASE_STRIP = NO;
				DEBUG_INFORMATION_FORMAT = dwarf;
				ENABLE_STRICT_OBJC_MSGSEND = YES;
				ENABLE_TESTABILITY = YES;
				GCC_C_LANGUAGE_STANDARD = gnu11;
				GCC_DYNAMIC_NO_PIC = NO;
				GCC_NO_COMMON_BLOCKS = YES;
				GCC_OPTIMIZATION_LEVEL = 0;
				GCC_PREPROCESSOR_DEFINITIONS = (
					"DEBUG=1",
					"$(inherited)",
				);
				GCC_WARN_64_TO_32_BIT_CONVERSION = YES;
				GCC_WARN_ABOUT_RETURN_TYPE = YES_ERROR;
				GCC_WARN_UNDECLARED_SELECTOR = YES;
				GCC_WARN_UNINITIALIZED_AUTOS = YES_AGGRESSIVE;
				GCC_WARN_UNUSED_FUNCTION = YES;
				GCC_WARN_UNUSED_VARIABLE = YES;
				IPHONEOS_DEPLOYMENT_TARGET = 12.4;
				MTL_ENABLE_DEBUG_INFO = INCLUDE_SOURCE;
				MTL_FAST_MATH = YES;
				ONLY_ACTIVE_ARCH = YES;
				SDKROOT = iphoneos;
				SWIFT_ACTIVE_COMPILATION_CONDITIONS = DEBUG;
				SWIFT_OPTIMIZATION_LEVEL = "-Onone";
			};
			name = Debug;
		};
		8635548F233969F6009D592B /* Release */ = {
			isa = XCBuildConfiguration;
			buildSettings = {
				ALWAYS_SEARCH_USER_PATHS = NO;
				CLANG_ANALYZER_NONNULL = YES;
				CLANG_ANALYZER_NUMBER_OBJECT_CONVERSION = YES_AGGRESSIVE;
				CLANG_CXX_LANGUAGE_STANDARD = "gnu++14";
				CLANG_CXX_LIBRARY = "libc++";
				CLANG_ENABLE_MODULES = YES;
				CLANG_ENABLE_OBJC_ARC = YES;
				CLANG_ENABLE_OBJC_WEAK = YES;
				CLANG_WARN_BLOCK_CAPTURE_AUTORELEASING = YES;
				CLANG_WARN_BOOL_CONVERSION = YES;
				CLANG_WARN_COMMA = YES;
				CLANG_WARN_CONSTANT_CONVERSION = YES;
				CLANG_WARN_DEPRECATED_OBJC_IMPLEMENTATIONS = YES;
				CLANG_WARN_DIRECT_OBJC_ISA_USAGE = YES_ERROR;
				CLANG_WARN_DOCUMENTATION_COMMENTS = YES;
				CLANG_WARN_EMPTY_BODY = YES;
				CLANG_WARN_ENUM_CONVERSION = YES;
				CLANG_WARN_INFINITE_RECURSION = YES;
				CLANG_WARN_INT_CONVERSION = YES;
				CLANG_WARN_NON_LITERAL_NULL_CONVERSION = YES;
				CLANG_WARN_OBJC_IMPLICIT_RETAIN_SELF = YES;
				CLANG_WARN_OBJC_LITERAL_CONVERSION = YES;
				CLANG_WARN_OBJC_ROOT_CLASS = YES_ERROR;
				CLANG_WARN_RANGE_LOOP_ANALYSIS = YES;
				CLANG_WARN_STRICT_PROTOTYPES = YES;
				CLANG_WARN_SUSPICIOUS_MOVE = YES;
				CLANG_WARN_UNGUARDED_AVAILABILITY = YES_AGGRESSIVE;
				CLANG_WARN_UNREACHABLE_CODE = YES;
				CLANG_WARN__DUPLICATE_METHOD_MATCH = YES;
				CODE_SIGN_IDENTITY = "iPhone Developer";
				COPY_PHASE_STRIP = NO;
				DEBUG_INFORMATION_FORMAT = "dwarf-with-dsym";
				ENABLE_NS_ASSERTIONS = NO;
				ENABLE_STRICT_OBJC_MSGSEND = YES;
				GCC_C_LANGUAGE_STANDARD = gnu11;
				GCC_NO_COMMON_BLOCKS = YES;
				GCC_WARN_64_TO_32_BIT_CONVERSION = YES;
				GCC_WARN_ABOUT_RETURN_TYPE = YES_ERROR;
				GCC_WARN_UNDECLARED_SELECTOR = YES;
				GCC_WARN_UNINITIALIZED_AUTOS = YES_AGGRESSIVE;
				GCC_WARN_UNUSED_FUNCTION = YES;
				GCC_WARN_UNUSED_VARIABLE = YES;
				IPHONEOS_DEPLOYMENT_TARGET = 12.4;
				MTL_ENABLE_DEBUG_INFO = NO;
				MTL_FAST_MATH = YES;
				SDKROOT = iphoneos;
				SWIFT_COMPILATION_MODE = wholemodule;
				SWIFT_OPTIMIZATION_LEVEL = "-O";
				VALIDATE_PRODUCT = YES;
			};
			name = Release;
		};
		86355491233969F6009D592B /* Debug */ = {
			isa = XCBuildConfiguration;
			buildSettings = {
				ASSETCATALOG_COMPILER_APPICON_NAME = AppIcon;
				CODE_SIGN_STYLE = Automatic;
				INFOPLIST_FILE = Navegacion/Info.plist;
				LD_RUNPATH_SEARCH_PATHS = (
					"$(inherited)",
					"@executable_path/Frameworks",
				);
				PRODUCT_BUNDLE_IDENTIFIER = edu.ulsa.Navegacion;
				PRODUCT_NAME = "$(TARGET_NAME)";
				SWIFT_VERSION = 5.0;
				TARGETED_DEVICE_FAMILY = "1,2";
			};
			name = Debug;
		};
		86355492233969F6009D592B /* Release */ = {
			isa = XCBuildConfiguration;
			buildSettings = {
				ASSETCATALOG_COMPILER_APPICON_NAME = AppIcon;
				CODE_SIGN_STYLE = Automatic;
				INFOPLIST_FILE = Navegacion/Info.plist;
				LD_RUNPATH_SEARCH_PATHS = (
					"$(inherited)",
					"@executable_path/Frameworks",
				);
				PRODUCT_BUNDLE_IDENTIFIER = edu.ulsa.Navegacion;
				PRODUCT_NAME = "$(TARGET_NAME)";
				SWIFT_VERSION = 5.0;
				TARGETED_DEVICE_FAMILY = "1,2";
			};
			name = Release;
		};
		86355494233969F6009D592B /* Debug */ = {
			isa = XCBuildConfiguration;
			buildSettings = {
				ALWAYS_EMBED_SWIFT_STANDARD_LIBRARIES = YES;
				BUNDLE_LOADER = "$(TEST_HOST)";
				CODE_SIGN_STYLE = Automatic;
				INFOPLIST_FILE = NavegacionTests/Info.plist;
				LD_RUNPATH_SEARCH_PATHS = (
					"$(inherited)",
					"@executable_path/Frameworks",
					"@loader_path/Frameworks",
				);
				PRODUCT_BUNDLE_IDENTIFIER = edu.ulsa.NavegacionTests;
				PRODUCT_NAME = "$(TARGET_NAME)";
				SWIFT_VERSION = 5.0;
				TARGETED_DEVICE_FAMILY = "1,2";
				TEST_HOST = "$(BUILT_PRODUCTS_DIR)/Navegacion.app/Navegacion";
			};
			name = Debug;
		};
		86355495233969F6009D592B /* Release */ = {
			isa = XCBuildConfiguration;
			buildSettings = {
				ALWAYS_EMBED_SWIFT_STANDARD_LIBRARIES = YES;
				BUNDLE_LOADER = "$(TEST_HOST)";
				CODE_SIGN_STYLE = Automatic;
				INFOPLIST_FILE = NavegacionTests/Info.plist;
				LD_RUNPATH_SEARCH_PATHS = (
					"$(inherited)",
					"@executable_path/Frameworks",
					"@loader_path/Frameworks",
				);
				PRODUCT_BUNDLE_IDENTIFIER = edu.ulsa.NavegacionTests;
				PRODUCT_NAME = "$(TARGET_NAME)";
				SWIFT_VERSION = 5.0;
				TARGETED_DEVICE_FAMILY = "1,2";
				TEST_HOST = "$(BUILT_PRODUCTS_DIR)/Navegacion.app/Navegacion";
			};
			name = Release;
		};
		86355497233969F6009D592B /* Debug */ = {
			isa = XCBuildConfiguration;
			buildSettings = {
				ALWAYS_EMBED_SWIFT_STANDARD_LIBRARIES = YES;
				CODE_SIGN_STYLE = Automatic;
				INFOPLIST_FILE = NavegacionUITests/Info.plist;
				LD_RUNPATH_SEARCH_PATHS = (
					"$(inherited)",
					"@executable_path/Frameworks",
					"@loader_path/Frameworks",
				);
				PRODUCT_BUNDLE_IDENTIFIER = edu.ulsa.NavegacionUITests;
				PRODUCT_NAME = "$(TARGET_NAME)";
				SWIFT_VERSION = 5.0;
				TARGETED_DEVICE_FAMILY = "1,2";
				TEST_TARGET_NAME = Navegacion;
			};
			name = Debug;
		};
		86355498233969F6009D592B /* Release */ = {
			isa = XCBuildConfiguration;
			buildSettings = {
				ALWAYS_EMBED_SWIFT_STANDARD_LIBRARIES = YES;
				CODE_SIGN_STYLE = Automatic;
				INFOPLIST_FILE = NavegacionUITests/Info.plist;
				LD_RUNPATH_SEARCH_PATHS = (
					"$(inherited)",
					"@executable_path/Frameworks",
					"@loader_path/Frameworks",
				);
				PRODUCT_BUNDLE_IDENTIFIER = edu.ulsa.NavegacionUITests;
				PRODUCT_NAME = "$(TARGET_NAME)";
				SWIFT_VERSION = 5.0;
				TARGETED_DEVICE_FAMILY = "1,2";
				TEST_TARGET_NAME = Navegacion;
			};
			name = Release;
		};
/* End XCBuildConfiguration section */

/* Begin XCConfigurationList section */
		86355463233969F4009D592B /* Build configuration list for PBXProject "Navegacion" */ = {
			isa = XCConfigurationList;
			buildConfigurations = (
				8635548E233969F6009D592B /* Debug */,
				8635548F233969F6009D592B /* Release */,
			);
			defaultConfigurationIsVisible = 0;
			defaultConfigurationName = Release;
		};
		86355490233969F6009D592B /* Build configuration list for PBXNativeTarget "Navegacion" */ = {
			isa = XCConfigurationList;
			buildConfigurations = (
				86355491233969F6009D592B /* Debug */,
				86355492233969F6009D592B /* Release */,
			);
			defaultConfigurationIsVisible = 0;
			defaultConfigurationName = Release;
		};
		86355493233969F6009D592B /* Build configuration list for PBXNativeTarget "NavegacionTests" */ = {
			isa = XCConfigurationList;
			buildConfigurations = (
				86355494233969F6009D592B /* Debug */,
				86355495233969F6009D592B /* Release */,
			);
			defaultConfigurationIsVisible = 0;
			defaultConfigurationName = Release;
		};
		86355496233969F6009D592B /* Build configuration list for PBXNativeTarget "NavegacionUITests" */ = {
			isa = XCConfigurationList;
			buildConfigurations = (
				86355497233969F6009D592B /* Debug */,
				86355498233969F6009D592B /* Release */,
			);
			defaultConfigurationIsVisible = 0;
			defaultConfigurationName = Release;
		};
/* End XCConfigurationList section */
	};
	rootObject = 86355460233969F4009D592B /* Project object */;
}
